
Microsoft Visual Studio Solution File, Format Version 12.00
# Visual Studio Version 16
VisualStudioVersion = 16.0.32901.82
MinimumVisualStudioVersion = 10.0.40219.1
Project("{8BC9CEB8-8B4A-11D0-8D11-00A0C91BC942}") = "c++ hello world", "c++ hello world\c++ hello world.vcxproj", "{E9208454-2739-4489-A425-75282BC9E2B0}"
EndProject
Global
	GlobalSection(SolutionConfigurationPlatforms) = preSolution
		Debug|x64 = Debug|x64
		Debug|x86 = Debug|x86
		Release|x64 = Release|x64
		Release|x86 = Release|x86
	EndGlobalSection
	GlobalSection(ProjectConfigurationPlatforms) = postSolution
		{E9208454-2739-4489-A425-75282BC9E2B0}.Debug|x64.ActiveCfg = Debug|x64
		{E9208454-2739-4489-A425-75282BC9E2B0}.Debug|x64.Build.0 = Debug|x64
		{E9208454-2739-4489-A425-75282BC9E2B0}.Debug|x86.ActiveCfg = Debug|Win32
		{E9208454-2739-4489-A425-75282BC9E2B0}.Debug|x86.Build.0 = Debug|Win32
		{E9208454-2739-4489-A425-75282BC9E2B0}.Release|x64.ActiveCfg = Release|x64
		{E9208454-2739-4489-A425-75282BC9E2B0}.Release|x64.Build.0 = Release|x64
		{E9208454-2739-4489-A425-75282BC9E2B0}.Release|x86.ActiveCfg = Release|Win32
		{E9208454-2739-4489-A425-75282BC9E2B0}.Release|x86.Build.0 = Release|Win32
	EndGlobalSection
	GlobalSection(SolutionProperties) = preSolution
		HideSolutionNode = FALSE
	EndGlobalSection
	GlobalSection(ExtensibilityGlobals) = postSolution
		SolutionGuid = {AC1A9BC9-9F1B-4B24-B707-27F2BFA3DE75}
	EndGlobalSection
EndGlobal
